
Microsoft Visual Studio Solution File, Format Version 12.00
# Visual Studio Version 17
VisualStudioVersion = 17.14.36401.2 d17.14
MinimumVisualStudioVersion = 10.0.40219.1
Project("{FAE04EC0-301F-11D3-BF4B-00C04F79EFBC}") = "ConsoleAppAssignment3PatternDiamond", "ConsoleAppAssignment3PatternDiamond\ConsoleAppAssignment3PatternDiamond.csproj", "{ABF5B772-A451-4E68-9111-2C5F8AF01D74}"
EndProject
Global
	GlobalSection(SolutionConfigurationPlatforms) = preSolution
		Debug|Any CPU = Debug|Any CPU
		Release|Any CPU = Release|Any CPU
	EndGlobalSection
	GlobalSection(ProjectConfigurationPlatforms) = postSolution
		{ABF5B772-A451-4E68-9111-2C5F8AF01D74}.Debug|Any CPU.ActiveCfg = Debug|Any CPU
		{ABF5B772-A451-4E68-9111-2C5F8AF01D74}.Debug|Any CPU.Build.0 = Debug|Any CPU
		{ABF5B772-A451-4E68-9111-2C5F8AF01D74}.Release|Any CPU.ActiveCfg = Release|Any CPU
		{ABF5B772-A451-4E68-9111-2C5F8AF01D74}.Release|Any CPU.Build.0 = Release|Any CPU
	EndGlobalSection
	GlobalSection(SolutionProperties) = preSolution
		HideSolutionNode = FALSE
	EndGlobalSection
	GlobalSection(ExtensibilityGlobals) = postSolution
		SolutionGuid = {796ED85F-DC97-418F-AE08-70F656B33662}
	EndGlobalSection
EndGlobal
