
Microsoft Visual Studio Solution File, Format Version 12.00
# Visual Studio Version 17
VisualStudioVersion = 17.14.36401.2 d17.14
MinimumVisualStudioVersion = 10.0.40219.1
Project("{FAE04EC0-301F-11D3-BF4B-00C04F79EFBC}") = "ConsoleAppSecondSmallest", "ConsoleAppSecondSmallest\ConsoleAppSecondSmallest.csproj", "{19FD0E75-3A91-459C-AE20-8443D0E95644}"
EndProject
Global
	GlobalSection(SolutionConfigurationPlatforms) = preSolution
		Debug|Any CPU = Debug|Any CPU
		Release|Any CPU = Release|Any CPU
	EndGlobalSection
	GlobalSection(ProjectConfigurationPlatforms) = postSolution
		{19FD0E75-3A91-459C-AE20-8443D0E95644}.Debug|Any CPU.ActiveCfg = Debug|Any CPU
		{19FD0E75-3A91-459C-AE20-8443D0E95644}.Debug|Any CPU.Build.0 = Debug|Any CPU
		{19FD0E75-3A91-459C-AE20-8443D0E95644}.Release|Any CPU.ActiveCfg = Release|Any CPU
		{19FD0E75-3A91-459C-AE20-8443D0E95644}.Release|Any CPU.Build.0 = Release|Any CPU
	EndGlobalSection
	GlobalSection(SolutionProperties) = preSolution
		HideSolutionNode = FALSE
	EndGlobalSection
	GlobalSection(ExtensibilityGlobals) = postSolution
		SolutionGuid = {A9F38EE5-A304-4A9C-B6D8-A8371A6A90F4}
	EndGlobalSection
EndGlobal
