
Microsoft Visual Studio Solution File, Format Version 12.00
# Visual Studio Version 17
VisualStudioVersion = 17.14.36401.2 d17.14
MinimumVisualStudioVersion = 10.0.40219.1
Project("{FAE04EC0-301F-11D3-BF4B-00C04F79EFBC}") = "ConsoleApp1MultiCastDemo", "ConsoleApp1MultiCastDemo\ConsoleApp1MultiCastDemo.csproj", "{FCCA48AB-A70A-40F3-B14C-DDEB19E5795C}"
EndProject
Global
	GlobalSection(SolutionConfigurationPlatforms) = preSolution
		Debug|Any CPU = Debug|Any CPU
		Release|Any CPU = Release|Any CPU
	EndGlobalSection
	GlobalSection(ProjectConfigurationPlatforms) = postSolution
		{FCCA48AB-A70A-40F3-B14C-DDEB19E5795C}.Debug|Any CPU.ActiveCfg = Debug|Any CPU
		{FCCA48AB-A70A-40F3-B14C-DDEB19E5795C}.Debug|Any CPU.Build.0 = Debug|Any CPU
		{FCCA48AB-A70A-40F3-B14C-DDEB19E5795C}.Release|Any CPU.ActiveCfg = Release|Any CPU
		{FCCA48AB-A70A-40F3-B14C-DDEB19E5795C}.Release|Any CPU.Build.0 = Release|Any CPU
	EndGlobalSection
	GlobalSection(SolutionProperties) = preSolution
		HideSolutionNode = FALSE
	EndGlobalSection
	GlobalSection(ExtensibilityGlobals) = postSolution
		SolutionGuid = {D06E2C71-4A29-44FC-8064-7CA9A41BBA94}
	EndGlobalSection
EndGlobal
