
Microsoft Visual Studio Solution File, Format Version 12.00
# Visual Studio Version 17
VisualStudioVersion = 17.14.36401.2 d17.14
MinimumVisualStudioVersion = 10.0.40219.1
Project("{FAE04EC0-301F-11D3-BF4B-00C04F79EFBC}") = "ConsoleAppDelegateAssione", "ConsoleAppDelegateAssione\ConsoleAppDelegateAssione.csproj", "{407F713A-6034-4E63-A70F-7AFCE1B25129}"
EndProject
Global
	GlobalSection(SolutionConfigurationPlatforms) = preSolution
		Debug|Any CPU = Debug|Any CPU
		Release|Any CPU = Release|Any CPU
	EndGlobalSection
	GlobalSection(ProjectConfigurationPlatforms) = postSolution
		{407F713A-6034-4E63-A70F-7AFCE1B25129}.Debug|Any CPU.ActiveCfg = Debug|Any CPU
		{407F713A-6034-4E63-A70F-7AFCE1B25129}.Debug|Any CPU.Build.0 = Debug|Any CPU
		{407F713A-6034-4E63-A70F-7AFCE1B25129}.Release|Any CPU.ActiveCfg = Release|Any CPU
		{407F713A-6034-4E63-A70F-7AFCE1B25129}.Release|Any CPU.Build.0 = Release|Any CPU
	EndGlobalSection
	GlobalSection(SolutionProperties) = preSolution
		HideSolutionNode = FALSE
	EndGlobalSection
	GlobalSection(ExtensibilityGlobals) = postSolution
		SolutionGuid = {EE5D9850-AE7D-432C-83AC-03AEF8167A7A}
	EndGlobalSection
EndGlobal
