
Microsoft Visual Studio Solution File, Format Version 12.00
# Visual Studio Version 17
VisualStudioVersion = 17.14.36401.2 d17.14
MinimumVisualStudioVersion = 10.0.40219.1
Project("{FAE04EC0-301F-11D3-BF4B-00C04F79EFBC}") = "ConsoleAppInheritancethird", "ConsoleAppInheritancethird\ConsoleAppInheritancethird.csproj", "{4B9ECC6E-E8BE-4728-9E4A-22377BA79A9F}"
EndProject
Global
	GlobalSection(SolutionConfigurationPlatforms) = preSolution
		Debug|Any CPU = Debug|Any CPU
		Release|Any CPU = Release|Any CPU
	EndGlobalSection
	GlobalSection(ProjectConfigurationPlatforms) = postSolution
		{4B9ECC6E-E8BE-4728-9E4A-22377BA79A9F}.Debug|Any CPU.ActiveCfg = Debug|Any CPU
		{4B9ECC6E-E8BE-4728-9E4A-22377BA79A9F}.Debug|Any CPU.Build.0 = Debug|Any CPU
		{4B9ECC6E-E8BE-4728-9E4A-22377BA79A9F}.Release|Any CPU.ActiveCfg = Release|Any CPU
		{4B9ECC6E-E8BE-4728-9E4A-22377BA79A9F}.Release|Any CPU.Build.0 = Release|Any CPU
	EndGlobalSection
	GlobalSection(SolutionProperties) = preSolution
		HideSolutionNode = FALSE
	EndGlobalSection
	GlobalSection(ExtensibilityGlobals) = postSolution
		SolutionGuid = {92B591E7-504A-442D-A400-21435FA86303}
	EndGlobalSection
EndGlobal
