
Microsoft Visual Studio Solution File, Format Version 12.00
# Visual Studio Version 17
VisualStudioVersion = 17.14.36401.2 d17.14
MinimumVisualStudioVersion = 10.0.40219.1
Project("{FAE04EC0-301F-11D3-BF4B-00C04F79EFBC}") = "ConsoleAppCollection2", "ConsoleAppCollection2\ConsoleAppCollection2.csproj", "{F9368A6C-0205-4154-B282-9D0EB0917AEC}"
EndProject
Global
	GlobalSection(SolutionConfigurationPlatforms) = preSolution
		Debug|Any CPU = Debug|Any CPU
		Release|Any CPU = Release|Any CPU
	EndGlobalSection
	GlobalSection(ProjectConfigurationPlatforms) = postSolution
		{F9368A6C-0205-4154-B282-9D0EB0917AEC}.Debug|Any CPU.ActiveCfg = Debug|Any CPU
		{F9368A6C-0205-4154-B282-9D0EB0917AEC}.Debug|Any CPU.Build.0 = Debug|Any CPU
		{F9368A6C-0205-4154-B282-9D0EB0917AEC}.Release|Any CPU.ActiveCfg = Release|Any CPU
		{F9368A6C-0205-4154-B282-9D0EB0917AEC}.Release|Any CPU.Build.0 = Release|Any CPU
	EndGlobalSection
	GlobalSection(SolutionProperties) = preSolution
		HideSolutionNode = FALSE
	EndGlobalSection
	GlobalSection(ExtensibilityGlobals) = postSolution
		SolutionGuid = {68300EB4-28B9-4848-89B1-D785C60312DD}
	EndGlobalSection
EndGlobal
