
Microsoft Visual Studio Solution File, Format Version 12.00
# Visual Studio Version 17
VisualStudioVersion = 17.14.36401.2 d17.14
MinimumVisualStudioVersion = 10.0.40219.1
Project("{FAE04EC0-301F-11D3-BF4B-00C04F79EFBC}") = "ConsoleAppBankDelegate", "ConsoleAppBankDelegate\ConsoleAppBankDelegate.csproj", "{9A49BD43-C98C-4721-92C2-63542A837381}"
EndProject
Global
	GlobalSection(SolutionConfigurationPlatforms) = preSolution
		Debug|Any CPU = Debug|Any CPU
		Release|Any CPU = Release|Any CPU
	EndGlobalSection
	GlobalSection(ProjectConfigurationPlatforms) = postSolution
		{9A49BD43-C98C-4721-92C2-63542A837381}.Debug|Any CPU.ActiveCfg = Debug|Any CPU
		{9A49BD43-C98C-4721-92C2-63542A837381}.Debug|Any CPU.Build.0 = Debug|Any CPU
		{9A49BD43-C98C-4721-92C2-63542A837381}.Release|Any CPU.ActiveCfg = Release|Any CPU
		{9A49BD43-C98C-4721-92C2-63542A837381}.Release|Any CPU.Build.0 = Release|Any CPU
	EndGlobalSection
	GlobalSection(SolutionProperties) = preSolution
		HideSolutionNode = FALSE
	EndGlobalSection
	GlobalSection(ExtensibilityGlobals) = postSolution
		SolutionGuid = {B89829F1-11D9-4DF7-8964-AEFF87A7C480}
	EndGlobalSection
EndGlobal
